
Microsoft Visual Studio Solution File, Format Version 12.00
Project("{FAE04EC0-301F-11D3-BF4B-00C04F79EFBC}") = "NativeCollections", "NativeCollections\NativeCollections.csproj", "{D87271C2-87E2-40C2-A162-8C9F750CBAFA}"
EndProject
Project("{FAE04EC0-301F-11D3-BF4B-00C04F79EFBC}") = "Examples", "Examples\Examples.csproj", "{685876EC-617C-45E7-8353-85F816F6515A}"
EndProject
Project("{FAE04EC0-301F-11D3-BF4B-00C04F79EFBC}") = "Benchmarks", "Benchmarks\Benchmarks.csproj", "{2CCADB79-1991-4C90-8B9B-1018F3D8EC4F}"
EndProject
Project("{FAE04EC0-301F-11D3-BF4B-00C04F79EFBC}") = "Test", "Test\Test.csproj", "{F54934C9-F1FB-4CF1-952B-4B0B11B930D9}"
EndProject
Global
	GlobalSection(SolutionConfigurationPlatforms) = preSolution
		Debug|Any CPU = Debug|Any CPU
		Release|Any CPU = Release|Any CPU
	EndGlobalSection
	GlobalSection(ProjectConfigurationPlatforms) = postSolution
		{D87271C2-87E2-40C2-A162-8C9F750CBAFA}.Debug|Any CPU.ActiveCfg = Debug|Any CPU
		{D87271C2-87E2-40C2-A162-8C9F750CBAFA}.Debug|Any CPU.Build.0 = Debug|Any CPU
		{D87271C2-87E2-40C2-A162-8C9F750CBAFA}.Release|Any CPU.ActiveCfg = Release|Any CPU
		{D87271C2-87E2-40C2-A162-8C9F750CBAFA}.Release|Any CPU.Build.0 = Release|Any CPU
		{685876EC-617C-45E7-8353-85F816F6515A}.Debug|Any CPU.ActiveCfg = Debug|Any CPU
		{685876EC-617C-45E7-8353-85F816F6515A}.Debug|Any CPU.Build.0 = Debug|Any CPU
		{685876EC-617C-45E7-8353-85F816F6515A}.Release|Any CPU.ActiveCfg = Release|Any CPU
		{685876EC-617C-45E7-8353-85F816F6515A}.Release|Any CPU.Build.0 = Release|Any CPU
		{2CCADB79-1991-4C90-8B9B-1018F3D8EC4F}.Debug|Any CPU.ActiveCfg = Debug|Any CPU
		{2CCADB79-1991-4C90-8B9B-1018F3D8EC4F}.Debug|Any CPU.Build.0 = Debug|Any CPU
		{2CCADB79-1991-4C90-8B9B-1018F3D8EC4F}.Release|Any CPU.ActiveCfg = Release|Any CPU
		{2CCADB79-1991-4C90-8B9B-1018F3D8EC4F}.Release|Any CPU.Build.0 = Release|Any CPU
		{F54934C9-F1FB-4CF1-952B-4B0B11B930D9}.Debug|Any CPU.ActiveCfg = Debug|Any CPU
		{F54934C9-F1FB-4CF1-952B-4B0B11B930D9}.Debug|Any CPU.Build.0 = Debug|Any CPU
		{F54934C9-F1FB-4CF1-952B-4B0B11B930D9}.Release|Any CPU.ActiveCfg = Release|Any CPU
		{F54934C9-F1FB-4CF1-952B-4B0B11B930D9}.Release|Any CPU.Build.0 = Release|Any CPU
	EndGlobalSection
EndGlobal
