
Microsoft Visual Studio Solution File, Format Version 12.00
Project("{FAE04EC0-301F-11D3-BF4B-00C04F79EFBC}") = "NativeCollections", "NativeCollections\NativeCollections.csproj", "{D87271C2-87E2-40C2-A162-8C9F750CBAFA}"
EndProject
Global
	GlobalSection(SolutionConfigurationPlatforms) = preSolution
		Debug|Any CPU = Debug|Any CPU
		Release|Any CPU = Release|Any CPU
	EndGlobalSection
	GlobalSection(ProjectConfigurationPlatforms) = postSolution
		{D87271C2-87E2-40C2-A162-8C9F750CBAFA}.Debug|Any CPU.ActiveCfg = Debug|Any CPU
		{D87271C2-87E2-40C2-A162-8C9F750CBAFA}.Debug|Any CPU.Build.0 = Debug|Any CPU
		{D87271C2-87E2-40C2-A162-8C9F750CBAFA}.Release|Any CPU.ActiveCfg = Release|Any CPU
		{D87271C2-87E2-40C2-A162-8C9F750CBAFA}.Release|Any CPU.Build.0 = Release|Any CPU
	EndGlobalSection
EndGlobal
